
Microsoft Visual Studio Solution File, Format Version 12.00
# Visual Studio 2013
VisualStudioVersion = 12.0.30110.0
MinimumVisualStudioVersion = 10.0.40219.1
Project("{FAE04EC0-301F-11D3-BF4B-00C04F79EFBC}") = "K2Field.SmartObject.Services.IMAP", "K2Field.SmartObject.Services.IMAP\K2Field.SmartObject.Services.IMAP.csproj", "{65945639-C12B-4FE0-9B91-1BC5EA9298C9}"
EndProject
Project("{FAE04EC0-301F-11D3-BF4B-00C04F79EFBC}") = "K2Field.SmartObject.Services.IMAP.Sandbox", "K2Field.SmartObject.Services.IMAP.Sandbox\K2Field.SmartObject.Services.IMAP.Sandbox.csproj", "{A5971B92-5420-4912-917D-7ADC27B198BD}"
EndProject
Global
	GlobalSection(SolutionConfigurationPlatforms) = preSolution
		Debug|Any CPU = Debug|Any CPU
		Debug|Mixed Platforms = Debug|Mixed Platforms
		Debug|x86 = Debug|x86
		Release|Any CPU = Release|Any CPU
		Release|Mixed Platforms = Release|Mixed Platforms
		Release|x86 = Release|x86
	EndGlobalSection
	GlobalSection(ProjectConfigurationPlatforms) = postSolution
		{65945639-C12B-4FE0-9B91-1BC5EA9298C9}.Debug|Any CPU.ActiveCfg = Debug|Any CPU
		{65945639-C12B-4FE0-9B91-1BC5EA9298C9}.Debug|Any CPU.Build.0 = Debug|Any CPU
		{65945639-C12B-4FE0-9B91-1BC5EA9298C9}.Debug|Mixed Platforms.ActiveCfg = Debug|Any CPU
		{65945639-C12B-4FE0-9B91-1BC5EA9298C9}.Debug|Mixed Platforms.Build.0 = Debug|Any CPU
		{65945639-C12B-4FE0-9B91-1BC5EA9298C9}.Debug|x86.ActiveCfg = Debug|Any CPU
		{65945639-C12B-4FE0-9B91-1BC5EA9298C9}.Release|Any CPU.ActiveCfg = Release|Any CPU
		{65945639-C12B-4FE0-9B91-1BC5EA9298C9}.Release|Any CPU.Build.0 = Release|Any CPU
		{65945639-C12B-4FE0-9B91-1BC5EA9298C9}.Release|Mixed Platforms.ActiveCfg = Release|Any CPU
		{65945639-C12B-4FE0-9B91-1BC5EA9298C9}.Release|Mixed Platforms.Build.0 = Release|Any CPU
		{65945639-C12B-4FE0-9B91-1BC5EA9298C9}.Release|x86.ActiveCfg = Release|Any CPU
		{A5971B92-5420-4912-917D-7ADC27B198BD}.Debug|Any CPU.ActiveCfg = Debug|Any CPU
		{A5971B92-5420-4912-917D-7ADC27B198BD}.Debug|Any CPU.Build.0 = Debug|Any CPU
		{A5971B92-5420-4912-917D-7ADC27B198BD}.Debug|Mixed Platforms.ActiveCfg = Debug|Any CPU
		{A5971B92-5420-4912-917D-7ADC27B198BD}.Debug|Mixed Platforms.Build.0 = Debug|Any CPU
		{A5971B92-5420-4912-917D-7ADC27B198BD}.Debug|x86.ActiveCfg = Debug|Any CPU
		{A5971B92-5420-4912-917D-7ADC27B198BD}.Release|Any CPU.ActiveCfg = Release|Any CPU
		{A5971B92-5420-4912-917D-7ADC27B198BD}.Release|Any CPU.Build.0 = Release|Any CPU
		{A5971B92-5420-4912-917D-7ADC27B198BD}.Release|Mixed Platforms.ActiveCfg = Release|Any CPU
		{A5971B92-5420-4912-917D-7ADC27B198BD}.Release|Mixed Platforms.Build.0 = Release|Any CPU
		{A5971B92-5420-4912-917D-7ADC27B198BD}.Release|x86.ActiveCfg = Release|Any CPU
	EndGlobalSection
	GlobalSection(SolutionProperties) = preSolution
		HideSolutionNode = FALSE
	EndGlobalSection
EndGlobal
